
Microsoft Visual Studio Solution File, Format Version 12.00
# Visual Studio Version 18
VisualStudioVersion = 18.2.11415.280 d18.0
MinimumVisualStudioVersion = 10.0.40219.1
Project("{FAE04EC0-301F-11D3-BF4B-00C04F79EFBC}") = "ColorChanger2", "ColorChanger2.csproj", "{D28EB275-589C-4F42-81FE-1444745871F0}"
EndProject
Global
	GlobalSection(SolutionConfigurationPlatforms) = preSolution
		Debug|Any CPU = Debug|Any CPU
		Release|Any CPU = Release|Any CPU
	EndGlobalSection
	GlobalSection(ProjectConfigurationPlatforms) = postSolution
		{D28EB275-589C-4F42-81FE-1444745871F0}.Debug|Any CPU.ActiveCfg = Debug|Any CPU
		{D28EB275-589C-4F42-81FE-1444745871F0}.Debug|Any CPU.Build.0 = Debug|Any CPU
		{D28EB275-589C-4F42-81FE-1444745871F0}.Release|Any CPU.ActiveCfg = Release|Any CPU
		{D28EB275-589C-4F42-81FE-1444745871F0}.Release|Any CPU.Build.0 = Release|Any CPU
	EndGlobalSection
	GlobalSection(SolutionProperties) = preSolution
		HideSolutionNode = FALSE
	EndGlobalSection
	GlobalSection(ExtensibilityGlobals) = postSolution
		SolutionGuid = {90DC10A0-3986-473B-AC12-EC4840050E31}
	EndGlobalSection
EndGlobal
